// !$*UTF8*$!
{
	archiveVersion = 1;
	classes = {
	};
	objectVersion = 56;
	objects = {

/* Begin PBXBuildFile section */
		C1A7F91F2B76779600B96FE8 /* Auto_CreateApp.swift in Sources */ = {isa = PBXBuildFile; fileRef = C1A7F91E2B76779600B96FE8 /* Auto_CreateApp.swift */; };
		C1A7F9232B76779800B96FE8 /* Assets.xcassets in Resources */ = {isa = PBXBuildFile; fileRef = C1A7F9222B76779800B96FE8 /* Assets.xcassets */; };
		C1A7F9262B76779800B96FE8 /* Preview Assets.xcassets in Resources */ = {isa = PBXBuildFile; fileRef = C1A7F9252B76779800B96FE8 /* Preview Assets.xcassets */; };
		C1A7F9312B76779800B96FE8 /* Auto_CreateTests.swift in Sources */ = {isa = PBXBuildFile; fileRef = C1A7F9302B76779800B96FE8 /* Auto_CreateTests.swift */; };
		C1A7F93B2B76779800B96FE8 /* Auto_CreateUITests.swift in Sources */ = {isa = PBXBuildFile; fileRef = C1A7F93A2B76779800B96FE8 /* Auto_CreateUITests.swift */; };
		C1A7F93D2B76779800B96FE8 /* Auto_CreateUITestsLaunchTests.swift in Sources */ = {isa = PBXBuildFile; fileRef = C1A7F93C2B76779800B96FE8 /* Auto_CreateUITestsLaunchTests.swift */; };
		C1E0EF7B2B8B6752008E9391 /* ContentView.swift in Sources */ = {isa = PBXBuildFile; fileRef = C1A7F9202B76779600B96FE8 /* ContentView.swift */; };
		C1E809732B8789BA005904F0 /* HTML.swift in Sources */ = {isa = PBXBuildFile; fileRef = C1E809722B8789BA005904F0 /* HTML.swift */; };
		C1E809752B8789F4005904F0 /* Python.swift in Sources */ = {isa = PBXBuildFile; fileRef = C1E809742B8789F4005904F0 /* Python.swift */; };
		C1E809792B878B92005904F0 /* Swift_UI.swift in Sources */ = {isa = PBXBuildFile; fileRef = C1E809782B878B92005904F0 /* Swift_UI.swift */; };
/* End PBXBuildFile section */

/* Begin PBXContainerItemProxy section */
		C1A7F92D2B76779800B96FE8 /* PBXContainerItemProxy */ = {
			isa = PBXContainerItemProxy;
			containerPortal = C1A7F9132B76779600B96FE8 /* Project object */;
			proxyType = 1;
			remoteGlobalIDString = C1A7F91A2B76779600B96FE8;
			remoteInfo = "Auto Create";
		};
		C1A7F9372B76779800B96FE8 /* PBXContainerItemProxy */ = {
			isa = PBXContainerItemProxy;
			containerPortal = C1A7F9132B76779600B96FE8 /* Project object */;
			proxyType = 1;
			remoteGlobalIDString = C1A7F91A2B76779600B96FE8;
			remoteInfo = "Auto Create";
		};
/* End PBXContainerItemProxy section */

/* Begin PBXFileReference section */
		C1A7F91B2B76779600B96FE8 /* Auto Create.app */ = {isa = PBXFileReference; explicitFileType = wrapper.application; includeInIndex = 0; path = "Auto Create.app"; sourceTree = BUILT_PRODUCTS_DIR; };
		C1A7F91E2B76779600B96FE8 /* Auto_CreateApp.swift */ = {isa = PBXFileReference; lastKnownFileType = sourcecode.swift; path = Auto_CreateApp.swift; sourceTree = "<group>"; };
		C1A7F9202B76779600B96FE8 /* ContentView.swift */ = {isa = PBXFileReference; lastKnownFileType = sourcecode.swift; path = ContentView.swift; sourceTree = "<group>"; };
		C1A7F9222B76779800B96FE8 /* Assets.xcassets */ = {isa = PBXFileReference; lastKnownFileType = folder.assetcatalog; path = Assets.xcassets; sourceTree = "<group>"; };
		C1A7F9252B76779800B96FE8 /* Preview Assets.xcassets */ = {isa = PBXFileReference; lastKnownFileType = folder.assetcatalog; path = "Preview Assets.xcassets"; sourceTree = "<group>"; };
		C1A7F92C2B76779800B96FE8 /* Auto CreateTests.xctest */ = {isa = PBXFileReference; explicitFileType = wrapper.cfbundle; includeInIndex = 0; path = "Auto CreateTests.xctest"; sourceTree = BUILT_PRODUCTS_DIR; };
		C1A7F9302B76779800B96FE8 /* Auto_CreateTests.swift */ = {isa = PBXFileReference; lastKnownFileType = sourcecode.swift; path = Auto_CreateTests.swift; sourceTree = "<group>"; };
		C1A7F9362B76779800B96FE8 /* Auto CreateUITests.xctest */ = {isa = PBXFileReference; explicitFileType = wrapper.cfbundle; includeInIndex = 0; path = "Auto CreateUITests.xctest"; sourceTree = BUILT_PRODUCTS_DIR; };
		C1A7F93A2B76779800B96FE8 /* Auto_CreateUITests.swift */ = {isa = PBXFileReference; lastKnownFileType = sourcecode.swift; path = Auto_CreateUITests.swift; sourceTree = "<group>"; };
		C1A7F93C2B76779800B96FE8 /* Auto_CreateUITestsLaunchTests.swift */ = {isa = PBXFileReference; lastKnownFileType = sourcecode.swift; path = Auto_CreateUITestsLaunchTests.swift; sourceTree = "<group>"; };
		C1E0EF792B8B6748008E9391 /* Base */ = {isa = PBXFileReference; lastKnownFileType = text.plist.entitlements; name = Base; path = Base.lproj/Auto_Create.entitlements; sourceTree = "<group>"; };
		C1E809722B8789BA005904F0 /* HTML.swift */ = {isa = PBXFileReference; lastKnownFileType = sourcecode.swift; path = HTML.swift; sourceTree = "<group>"; };
		C1E809742B8789F4005904F0 /* Python.swift */ = {isa = PBXFileReference; lastKnownFileType = sourcecode.swift; path = Python.swift; sourceTree = "<group>"; };
		C1E809782B878B92005904F0 /* Swift_UI.swift */ = {isa = PBXFileReference; lastKnownFileType = sourcecode.swift; path = Swift_UI.swift; sourceTree = "<group>"; };
/* End PBXFileReference section */

/* Begin PBXFrameworksBuildPhase section */
		C1A7F9182B76779600B96FE8 /* Frameworks */ = {
			isa = PBXFrameworksBuildPhase;
			buildActionMask = 2147483647;
			files = (
			);
			runOnlyForDeploymentPostprocessing = 0;
		};
		C1A7F9292B76779800B96FE8 /* Frameworks */ = {
			isa = PBXFrameworksBuildPhase;
			buildActionMask = 2147483647;
			files = (
			);
			runOnlyForDeploymentPostprocessing = 0;
		};
		C1A7F9332B76779800B96FE8 /* Frameworks */ = {
			isa = PBXFrameworksBuildPhase;
			buildActionMask = 2147483647;
			files = (
			);
			runOnlyForDeploymentPostprocessing = 0;
		};
/* End PBXFrameworksBuildPhase section */

/* Begin PBXGroup section */
		C1A7F9122B76779600B96FE8 = {
			isa = PBXGroup;
			children = (
				C1A7F91D2B76779600B96FE8 /* Auto Create */,
				C1A7F92F2B76779800B96FE8 /* Auto CreateTests */,
				C1A7F9392B76779800B96FE8 /* Auto CreateUITests */,
				C1A7F91C2B76779600B96FE8 /* Products */,
			);
			sourceTree = "<group>";
		};
		C1A7F91C2B76779600B96FE8 /* Products */ = {
			isa = PBXGroup;
			children = (
				C1A7F91B2B76779600B96FE8 /* Auto Create.app */,
				C1A7F92C2B76779800B96FE8 /* Auto CreateTests.xctest */,
				C1A7F9362B76779800B96FE8 /* Auto CreateUITests.xctest */,
			);
			name = Products;
			sourceTree = "<group>";
		};
		C1A7F91D2B76779600B96FE8 /* Auto Create */ = {
			isa = PBXGroup;
			children = (
				C1A7F91E2B76779600B96FE8 /* Auto_CreateApp.swift */,
				C1A7F9202B76779600B96FE8 /* ContentView.swift */,
				C1E809722B8789BA005904F0 /* HTML.swift */,
				C1E809742B8789F4005904F0 /* Python.swift */,
				C1E809782B878B92005904F0 /* Swift_UI.swift */,
				C1A7F9222B76779800B96FE8 /* Assets.xcassets */,
				C1E0EF7A2B8B6748008E9391 /* Auto_Create.entitlements */,
				C1A7F9242B76779800B96FE8 /* Preview Content */,
			);
			path = "Auto Create";
			sourceTree = "<group>";
		};
		C1A7F9242B76779800B96FE8 /* Preview Content */ = {
			isa = PBXGroup;
			children = (
				C1A7F9252B76779800B96FE8 /* Preview Assets.xcassets */,
			);
			path = "Preview Content";
			sourceTree = "<group>";
		};
		C1A7F92F2B76779800B96FE8 /* Auto CreateTests */ = {
			isa = PBXGroup;
			children = (
				C1A7F9302B76779800B96FE8 /* Auto_CreateTests.swift */,
			);
			path = "Auto CreateTests";
			sourceTree = "<group>";
		};
		C1A7F9392B76779800B96FE8 /* Auto CreateUITests */ = {
			isa = PBXGroup;
			children = (
				C1A7F93A2B76779800B96FE8 /* Auto_CreateUITests.swift */,
				C1A7F93C2B76779800B96FE8 /* Auto_CreateUITestsLaunchTests.swift */,
			);
			path = "Auto CreateUITests";
			sourceTree = "<group>";
		};
/* End PBXGroup section */

/* Begin PBXNativeTarget section */
		C1A7F91A2B76779600B96FE8 /* Auto Create */ = {
			isa = PBXNativeTarget;
			buildConfigurationList = C1A7F9402B76779800B96FE8 /* Build configuration list for PBXNativeTarget "Auto Create" */;
			buildPhases = (
				C1A7F9172B76779600B96FE8 /* Sources */,
				C1A7F9182B76779600B96FE8 /* Frameworks */,
				C1A7F9192B76779600B96FE8 /* Resources */,
			);
			buildRules = (
			);
			dependencies = (
			);
			name = "Auto Create";
			productName = "Auto Create";
			productReference = C1A7F91B2B76779600B96FE8 /* Auto Create.app */;
			productType = "com.apple.product-type.application";
		};
		C1A7F92B2B76779800B96FE8 /* Auto CreateTests */ = {
			isa = PBXNativeTarget;
			buildConfigurationList = C1A7F9432B76779800B96FE8 /* Build configuration list for PBXNativeTarget "Auto CreateTests" */;
			buildPhases = (
				C1A7F9282B76779800B96FE8 /* Sources */,
				C1A7F9292B76779800B96FE8 /* Frameworks */,
				C1A7F92A2B76779800B96FE8 /* Resources */,
			);
			buildRules = (
			);
			dependencies = (
				C1A7F92E2B76779800B96FE8 /* PBXTargetDependency */,
			);
			name = "Auto CreateTests";
			productName = "Auto CreateTests";
			productReference = C1A7F92C2B76779800B96FE8 /* Auto CreateTests.xctest */;
			productType = "com.apple.product-type.bundle.unit-test";
		};
		C1A7F9352B76779800B96FE8 /* Auto CreateUITests */ = {
			isa = PBXNativeTarget;
			buildConfigurationList = C1A7F9462B76779800B96FE8 /* Build configuration list for PBXNativeTarget "Auto CreateUITests" */;
			buildPhases = (
				C1A7F9322B76779800B96FE8 /* Sources */,
				C1A7F9332B76779800B96FE8 /* Frameworks */,
				C1A7F9342B76779800B96FE8 /* Resources */,
			);
			buildRules = (
			);
			dependencies = (
				C1A7F9382B76779800B96FE8 /* PBXTargetDependency */,
			);
			name = "Auto CreateUITests";
			productName = "Auto CreateUITests";
			productReference = C1A7F9362B76779800B96FE8 /* Auto CreateUITests.xctest */;
			productType = "com.apple.product-type.bundle.ui-testing";
		};
/* End PBXNativeTarget section */

/* Begin PBXProject section */
		C1A7F9132B76779600B96FE8 /* Project object */ = {
			isa = PBXProject;
			attributes = {
				BuildIndependentTargetsInParallel = 1;
				LastSwiftUpdateCheck = 1520;
				LastUpgradeCheck = 1520;
				TargetAttributes = {
					C1A7F91A2B76779600B96FE8 = {
						CreatedOnToolsVersion = 15.2;
					};
					C1A7F92B2B76779800B96FE8 = {
						CreatedOnToolsVersion = 15.2;
						TestTargetID = C1A7F91A2B76779600B96FE8;
					};
					C1A7F9352B76779800B96FE8 = {
						CreatedOnToolsVersion = 15.2;
						TestTargetID = C1A7F91A2B76779600B96FE8;
					};
				};
			};
			buildConfigurationList = C1A7F9162B76779600B96FE8 /* Build configuration list for PBXProject "Auto Create" */;
			compatibilityVersion = "Xcode 14.0";
			developmentRegion = en;
			hasScannedForEncodings = 0;
			knownRegions = (
				en,
				Base,
			);
			mainGroup = C1A7F9122B76779600B96FE8;
			productRefGroup = C1A7F91C2B76779600B96FE8 /* Products */;
			projectDirPath = "";
			projectRoot = "";
			targets = (
				C1A7F91A2B76779600B96FE8 /* Auto Create */,
				C1A7F92B2B76779800B96FE8 /* Auto CreateTests */,
				C1A7F9352B76779800B96FE8 /* Auto CreateUITests */,
			);
		};
/* End PBXProject section */

/* Begin PBXResourcesBuildPhase section */
		C1A7F9192B76779600B96FE8 /* Resources */ = {
			isa = PBXResourcesBuildPhase;
			buildActionMask = 2147483647;
			files = (
				C1A7F9262B76779800B96FE8 /* Preview Assets.xcassets in Resources */,
				C1A7F9232B76779800B96FE8 /* Assets.xcassets in Resources */,
			);
			runOnlyForDeploymentPostprocessing = 0;
		};
		C1A7F92A2B76779800B96FE8 /* Resources */ = {
			isa = PBXResourcesBuildPhase;
			buildActionMask = 2147483647;
			files = (
			);
			runOnlyForDeploymentPostprocessing = 0;
		};
		C1A7F9342B76779800B96FE8 /* Resources */ = {
			isa = PBXResourcesBuildPhase;
			buildActionMask = 2147483647;
			files = (
			);
			runOnlyForDeploymentPostprocessing = 0;
		};
/* End PBXResourcesBuildPhase section */

/* Begin PBXSourcesBuildPhase section */
		C1A7F9172B76779600B96FE8 /* Sources */ = {
			isa = PBXSourcesBuildPhase;
			buildActionMask = 2147483647;
			files = (
				C1E809792B878B92005904F0 /* Swift_UI.swift in Sources */,
				C1E0EF7B2B8B6752008E9391 /* ContentView.swift in Sources */,
				C1E809752B8789F4005904F0 /* Python.swift in Sources */,
				C1A7F91F2B76779600B96FE8 /* Auto_CreateApp.swift in Sources */,
				C1E809732B8789BA005904F0 /* HTML.swift in Sources */,
			);
			runOnlyForDeploymentPostprocessing = 0;
		};
		C1A7F9282B76779800B96FE8 /* Sources */ = {
			isa = PBXSourcesBuildPhase;
			buildActionMask = 2147483647;
			files = (
				C1A7F9312B76779800B96FE8 /* Auto_CreateTests.swift in Sources */,
			);
			runOnlyForDeploymentPostprocessing = 0;
		};
		C1A7F9322B76779800B96FE8 /* Sources */ = {
			isa = PBXSourcesBuildPhase;
			buildActionMask = 2147483647;
			files = (
				C1A7F93B2B76779800B96FE8 /* Auto_CreateUITests.swift in Sources */,
				C1A7F93D2B76779800B96FE8 /* Auto_CreateUITestsLaunchTests.swift in Sources */,
			);
			runOnlyForDeploymentPostprocessing = 0;
		};
/* End PBXSourcesBuildPhase section */

/* Begin PBXTargetDependency section */
		C1A7F92E2B76779800B96FE8 /* PBXTargetDependency */ = {
			isa = PBXTargetDependency;
			target = C1A7F91A2B76779600B96FE8 /* Auto Create */;
			targetProxy = C1A7F92D2B76779800B96FE8 /* PBXContainerItemProxy */;
		};
		C1A7F9382B76779800B96FE8 /* PBXTargetDependency */ = {
			isa = PBXTargetDependency;
			target = C1A7F91A2B76779600B96FE8 /* Auto Create */;
			targetProxy = C1A7F9372B76779800B96FE8 /* PBXContainerItemProxy */;
		};
/* End PBXTargetDependency section */

/* Begin PBXVariantGroup section */
		C1E0EF7A2B8B6748008E9391 /* Auto_Create.entitlements */ = {
			isa = PBXVariantGroup;
			children = (
				C1E0EF792B8B6748008E9391 /* Base */,
			);
			name = Auto_Create.entitlements;
			sourceTree = "<group>";
		};
/* End PBXVariantGroup section */

/* Begin XCBuildConfiguration section */
		C1A7F93E2B76779800B96FE8 /* Debug */ = {
			isa = XCBuildConfiguration;
			buildSettings = {
				ALWAYS_SEARCH_USER_PATHS = NO;
				ASSETCATALOG_COMPILER_GENERATE_SWIFT_ASSET_SYMBOL_EXTENSIONS = YES;
				CLANG_ANALYZER_NONNULL = YES;
				CLANG_ANALYZER_NUMBER_OBJECT_CONVERSION = YES_AGGRESSIVE;
				CLANG_CXX_LANGUAGE_STANDARD = "gnu++20";
				CLANG_ENABLE_MODULES = YES;
				CLANG_ENABLE_OBJC_ARC = YES;
				CLANG_ENABLE_OBJC_WEAK = YES;
				CLANG_WARN_BLOCK_CAPTURE_AUTORELEASING = YES;
				CLANG_WARN_BOOL_CONVERSION = YES;
				CLANG_WARN_COMMA = YES;
				CLANG_WARN_CONSTANT_CONVERSION = YES;
				CLANG_WARN_DEPRECATED_OBJC_IMPLEMENTATIONS = YES;
				CLANG_WARN_DIRECT_OBJC_ISA_USAGE = YES_ERROR;
				CLANG_WARN_DOCUMENTATION_COMMENTS = YES;
				CLANG_WARN_EMPTY_BODY = YES;
				CLANG_WARN_ENUM_CONVERSION = YES;
				CLANG_WARN_INFINITE_RECURSION = YES;
				CLANG_WARN_INT_CONVERSION = YES;
				CLANG_WARN_NON_LITERAL_NULL_CONVERSION = YES;
				CLANG_WARN_OBJC_IMPLICIT_RETAIN_SELF = YES;
				CLANG_WARN_OBJC_LITERAL_CONVERSION = YES;
				CLANG_WARN_OBJC_ROOT_CLASS = YES_ERROR;
				CLANG_WARN_QUOTED_INCLUDE_IN_FRAMEWORK_HEADER = YES;
				CLANG_WARN_RANGE_LOOP_ANALYSIS = YES;
				CLANG_WARN_STRICT_PROTOTYPES = YES;
				CLANG_WARN_SUSPICIOUS_MOVE = YES;
				CLANG_WARN_UNGUARDED_AVAILABILITY = YES_AGGRESSIVE;
				CLANG_WARN_UNREACHABLE_CODE = YES;
				CLANG_WARN__DUPLICATE_METHOD_MATCH = YES;
				COPY_PHASE_STRIP = NO;
				DEBUG_INFORMATION_FORMAT = dwarf;
				ENABLE_STRICT_OBJC_MSGSEND = YES;
				ENABLE_TESTABILITY = YES;
				ENABLE_USER_SCRIPT_SANDBOXING = YES;
				GCC_C_LANGUAGE_STANDARD = gnu17;
				GCC_DYNAMIC_NO_PIC = NO;
				GCC_NO_COMMON_BLOCKS = YES;
				GCC_OPTIMIZATION_LEVEL = 0;
				GCC_PREPROCESSOR_DEFINITIONS = (
					"DEBUG=1",
					"$(inherited)",
				);
				GCC_WARN_64_TO_32_BIT_CONVERSION = YES;
				GCC_WARN_ABOUT_RETURN_TYPE = YES_ERROR;
				GCC_WARN_UNDECLARED_SELECTOR = YES;
				GCC_WARN_UNINITIALIZED_AUTOS = YES_AGGRESSIVE;
				GCC_WARN_UNUSED_FUNCTION = YES;
				GCC_WARN_UNUSED_VARIABLE = YES;
				LOCALIZATION_PREFERS_STRING_CATALOGS = YES;
				MACOSX_DEPLOYMENT_TARGET = 14.2;
				MTL_ENABLE_DEBUG_INFO = INCLUDE_SOURCE;
				MTL_FAST_MATH = YES;
				ONLY_ACTIVE_ARCH = YES;
				SDKROOT = macosx;
				SWIFT_ACTIVE_COMPILATION_CONDITIONS = "DEBUG $(inherited)";
				SWIFT_OPTIMIZATION_LEVEL = "-Onone";
			};
			name = Debug;
		};
		C1A7F93F2B76779800B96FE8 /* Release */ = {
			isa = XCBuildConfiguration;
			buildSettings = {
				ALWAYS_SEARCH_USER_PATHS = NO;
				ASSETCATALOG_COMPILER_GENERATE_SWIFT_ASSET_SYMBOL_EXTENSIONS = YES;
				CLANG_ANALYZER_NONNULL = YES;
				CLANG_ANALYZER_NUMBER_OBJECT_CONVERSION = YES_AGGRESSIVE;
				CLANG_CXX_LANGUAGE_STANDARD = "gnu++20";
				CLANG_ENABLE_MODULES = YES;
				CLANG_ENABLE_OBJC_ARC = YES;
				CLANG_ENABLE_OBJC_WEAK = YES;
				CLANG_WARN_BLOCK_CAPTURE_AUTORELEASING = YES;
				CLANG_WARN_BOOL_CONVERSION = YES;
				CLANG_WARN_COMMA = YES;
				CLANG_WARN_CONSTANT_CONVERSION = YES;
				CLANG_WARN_DEPRECATED_OBJC_IMPLEMENTATIONS = YES;
				CLANG_WARN_DIRECT_OBJC_ISA_USAGE = YES_ERROR;
				CLANG_WARN_DOCUMENTATION_COMMENTS = YES;
				CLANG_WARN_EMPTY_BODY = YES;
				CLANG_WARN_ENUM_CONVERSION = YES;
				CLANG_WARN_INFINITE_RECURSION = YES;
				CLANG_WARN_INT_CONVERSION = YES;
				CLANG_WARN_NON_LITERAL_NULL_CONVERSION = YES;
				CLANG_WARN_OBJC_IMPLICIT_RETAIN_SELF = YES;
				CLANG_WARN_OBJC_LITERAL_CONVERSION = YES;
				CLANG_WARN_OBJC_ROOT_CLASS = YES_ERROR;
				CLANG_WARN_QUOTED_INCLUDE_IN_FRAMEWORK_HEADER = YES;
				CLANG_WARN_RANGE_LOOP_ANALYSIS = YES;
				CLANG_WARN_STRICT_PROTOTYPES = YES;
				CLANG_WARN_SUSPICIOUS_MOVE = YES;
				CLANG_WARN_UNGUARDED_AVAILABILITY = YES_AGGRESSIVE;
				CLANG_WARN_UNREACHABLE_CODE = YES;
				CLANG_WARN__DUPLICATE_METHOD_MATCH = YES;
				COPY_PHASE_STRIP = NO;
				DEBUG_INFORMATION_FORMAT = "dwarf-with-dsym";
				ENABLE_NS_ASSERTIONS = NO;
				ENABLE_STRICT_OBJC_MSGSEND = YES;
				ENABLE_USER_SCRIPT_SANDBOXING = YES;
				GCC_C_LANGUAGE_STANDARD = gnu17;
				GCC_NO_COMMON_BLOCKS = YES;
				GCC_WARN_64_TO_32_BIT_CONVERSION = YES;
				GCC_WARN_ABOUT_RETURN_TYPE = YES_ERROR;
				GCC_WARN_UNDECLARED_SELECTOR = YES;
				GCC_WARN_UNINITIALIZED_AUTOS = YES_AGGRESSIVE;
				GCC_WARN_UNUSED_FUNCTION = YES;
				GCC_WARN_UNUSED_VARIABLE = YES;
				LOCALIZATION_PREFERS_STRING_CATALOGS = YES;
				MACOSX_DEPLOYMENT_TARGET = 14.2;
				MTL_ENABLE_DEBUG_INFO = NO;
				MTL_FAST_MATH = YES;
				SDKROOT = macosx;
				SWIFT_COMPILATION_MODE = wholemodule;
			};
			name = Release;
		};
		C1A7F9412B76779800B96FE8 /* Debug */ = {
			isa = XCBuildConfiguration;
			buildSettings = {
				ASSETCATALOG_COMPILER_APPICON_NAME = AppIcon;
				ASSETCATALOG_COMPILER_GLOBAL_ACCENT_COLOR_NAME = AccentColor;
				ASSETCATALOG_COMPILER_INCLUDE_ALL_APPICON_ASSETS = YES;
				CODE_SIGN_ENTITLEMENTS = "Auto Create/Auto_Create.entitlements";
				"CODE_SIGN_IDENTITY[sdk=macosx*]" = "-";
				CODE_SIGN_STYLE = Automatic;
				COMBINE_HIDPI_IMAGES = YES;
				CURRENT_PROJECT_VERSION = 1;
				DEVELOPMENT_ASSET_PATHS = "\"Auto Create/Preview Content\"";
				DEVELOPMENT_TEAM = TF423R85MR;
				ENABLE_PREVIEWS = YES;
				GENERATE_INFOPLIST_FILE = YES;
				INFOPLIST_KEY_CFBundleDisplayName = Giamma;
				INFOPLIST_KEY_LSApplicationCategoryType = "public.app-category.developer-tools";
				INFOPLIST_KEY_NSHumanReadableCopyright = "";
				IPHONEOS_DEPLOYMENT_TARGET = 17.2;
				LD_RUNPATH_SEARCH_PATHS = (
					"$(inherited)",
					"@executable_path/../Frameworks",
				);
				MARKETING_VERSION = 1.0;
				PRODUCT_BUNDLE_IDENTIFIER = "Giamma.Auto-Create";
				PRODUCT_NAME = "$(TARGET_NAME)";
				SUPPORTED_PLATFORMS = macosx;
				SUPPORTS_MACCATALYST = NO;
				SWIFT_EMIT_LOC_STRINGS = YES;
				SWIFT_VERSION = 5.0;
			};
			name = Debug;
		};
		C1A7F9422B76779800B96FE8 /* Release */ = {
			isa = XCBuildConfiguration;
			buildSettings = {
				ASSETCATALOG_COMPILER_APPICON_NAME = AppIcon;
				ASSETCATALOG_COMPILER_GLOBAL_ACCENT_COLOR_NAME = AccentColor;
				ASSETCATALOG_COMPILER_INCLUDE_ALL_APPICON_ASSETS = YES;
				CODE_SIGN_ENTITLEMENTS = "Auto Create/Auto_Create.entitlements";
				"CODE_SIGN_IDENTITY[sdk=macosx*]" = "-";
				CODE_SIGN_STYLE = Automatic;
				COMBINE_HIDPI_IMAGES = YES;
				CURRENT_PROJECT_VERSION = 1;
				DEVELOPMENT_ASSET_PATHS = "\"Auto Create/Preview Content\"";
				DEVELOPMENT_TEAM = TF423R85MR;
				ENABLE_PREVIEWS = YES;
				GENERATE_INFOPLIST_FILE = YES;
				INFOPLIST_KEY_CFBundleDisplayName = Giamma;
				INFOPLIST_KEY_LSApplicationCategoryType = "public.app-category.developer-tools";
				INFOPLIST_KEY_NSHumanReadableCopyright = "";
				IPHONEOS_DEPLOYMENT_TARGET = 17.2;
				LD_RUNPATH_SEARCH_PATHS = (
					"$(inherited)",
					"@executable_path/../Frameworks",
				);
				MARKETING_VERSION = 1.0;
				PRODUCT_BUNDLE_IDENTIFIER = "Giamma.Auto-Create";
				PRODUCT_NAME = "$(TARGET_NAME)";
				SUPPORTED_PLATFORMS = macosx;
				SUPPORTS_MACCATALYST = NO;
				SWIFT_EMIT_LOC_STRINGS = YES;
				SWIFT_VERSION = 5.0;
			};
			name = Release;
		};
		C1A7F9442B76779800B96FE8 /* Debug */ = {
			isa = XCBuildConfiguration;
			buildSettings = {
				ALWAYS_EMBED_SWIFT_STANDARD_LIBRARIES = YES;
				BUNDLE_LOADER = "$(TEST_HOST)";
				CODE_SIGN_STYLE = Automatic;
				CURRENT_PROJECT_VERSION = 1;
				GENERATE_INFOPLIST_FILE = YES;
				MACOSX_DEPLOYMENT_TARGET = 14.2;
				MARKETING_VERSION = 1.0;
				PRODUCT_BUNDLE_IDENTIFIER = "Giamma.Auto-CreateTests";
				PRODUCT_NAME = "$(TARGET_NAME)";
				SWIFT_EMIT_LOC_STRINGS = NO;
				SWIFT_VERSION = 5.0;
				TEST_HOST = "$(BUILT_PRODUCTS_DIR)/Auto Create.app/$(BUNDLE_EXECUTABLE_FOLDER_PATH)/Auto Create";
			};
			name = Debug;
		};
		C1A7F9452B76779800B96FE8 /* Release */ = {
			isa = XCBuildConfiguration;
			buildSettings = {
				ALWAYS_EMBED_SWIFT_STANDARD_LIBRARIES = YES;
				BUNDLE_LOADER = "$(TEST_HOST)";
				CODE_SIGN_STYLE = Automatic;
				CURRENT_PROJECT_VERSION = 1;
				GENERATE_INFOPLIST_FILE = YES;
				MACOSX_DEPLOYMENT_TARGET = 14.2;
				MARKETING_VERSION = 1.0;
				PRODUCT_BUNDLE_IDENTIFIER = "Giamma.Auto-CreateTests";
				PRODUCT_NAME = "$(TARGET_NAME)";
				SWIFT_EMIT_LOC_STRINGS = NO;
				SWIFT_VERSION = 5.0;
				TEST_HOST = "$(BUILT_PRODUCTS_DIR)/Auto Create.app/$(BUNDLE_EXECUTABLE_FOLDER_PATH)/Auto Create";
			};
			name = Release;
		};
		C1A7F9472B76779800B96FE8 /* Debug */ = {
			isa = XCBuildConfiguration;
			buildSettings = {
				ALWAYS_EMBED_SWIFT_STANDARD_LIBRARIES = YES;
				CODE_SIGN_STYLE = Automatic;
				CURRENT_PROJECT_VERSION = 1;
				GENERATE_INFOPLIST_FILE = YES;
				MARKETING_VERSION = 1.0;
				PRODUCT_BUNDLE_IDENTIFIER = "Giamma.Auto-CreateUITests";
				PRODUCT_NAME = "$(TARGET_NAME)";
				SWIFT_EMIT_LOC_STRINGS = NO;
				SWIFT_VERSION = 5.0;
				TEST_TARGET_NAME = "Auto Create";
			};
			name = Debug;
		};
		C1A7F9482B76779800B96FE8 /* Release */ = {
			isa = XCBuildConfiguration;
			buildSettings = {
				ALWAYS_EMBED_SWIFT_STANDARD_LIBRARIES = YES;
				CODE_SIGN_STYLE = Automatic;
				CURRENT_PROJECT_VERSION = 1;
				GENERATE_INFOPLIST_FILE = YES;
				MARKETING_VERSION = 1.0;
				PRODUCT_BUNDLE_IDENTIFIER = "Giamma.Auto-CreateUITests";
				PRODUCT_NAME = "$(TARGET_NAME)";
				SWIFT_EMIT_LOC_STRINGS = NO;
				SWIFT_VERSION = 5.0;
				TEST_TARGET_NAME = "Auto Create";
			};
			name = Release;
		};
/* End XCBuildConfiguration section */

/* Begin XCConfigurationList section */
		C1A7F9162B76779600B96FE8 /* Build configuration list for PBXProject "Auto Create" */ = {
			isa = XCConfigurationList;
			buildConfigurations = (
				C1A7F93E2B76779800B96FE8 /* Debug */,
				C1A7F93F2B76779800B96FE8 /* Release */,
			);
			defaultConfigurationIsVisible = 0;
			defaultConfigurationName = Release;
		};
		C1A7F9402B76779800B96FE8 /* Build configuration list for PBXNativeTarget "Auto Create" */ = {
			isa = XCConfigurationList;
			buildConfigurations = (
				C1A7F9412B76779800B96FE8 /* Debug */,
				C1A7F9422B76779800B96FE8 /* Release */,
			);
			defaultConfigurationIsVisible = 0;
			defaultConfigurationName = Release;
		};
		C1A7F9432B76779800B96FE8 /* Build configuration list for PBXNativeTarget "Auto CreateTests" */ = {
			isa = XCConfigurationList;
			buildConfigurations = (
				C1A7F9442B76779800B96FE8 /* Debug */,
				C1A7F9452B76779800B96FE8 /* Release */,
			);
			defaultConfigurationIsVisible = 0;
			defaultConfigurationName = Release;
		};
		C1A7F9462B76779800B96FE8 /* Build configuration list for PBXNativeTarget "Auto CreateUITests" */ = {
			isa = XCConfigurationList;
			buildConfigurations = (
				C1A7F9472B76779800B96FE8 /* Debug */,
				C1A7F9482B76779800B96FE8 /* Release */,
			);
			defaultConfigurationIsVisible = 0;
			defaultConfigurationName = Release;
		};
/* End XCConfigurationList section */
	};
	rootObject = C1A7F9132B76779600B96FE8 /* Project object */;
}
